// !$*UTF8*$!
{
	archiveVersion = 1;
	classes = {
	};
	objectVersion = 46;
	objects = {

/* Begin PBXBuildFile section */
		6DBFFB2B185929FE006A3468 /* Foundation.framework in Frameworks */ = {isa = PBXBuildFile; fileRef = 6DBFFB2A185929FE006A3468 /* Foundation.framework */; };
		6DBFFB2D185929FE006A3468 /* CoreGraphics.framework in Frameworks */ = {isa = PBXBuildFile; fileRef = 6DBFFB2C185929FE006A3468 /* CoreGraphics.framework */; };
		6DBFFB2F185929FE006A3468 /* UIKit.framework in Frameworks */ = {isa = PBXBuildFile; fileRef = 6DBFFB2E185929FE006A3468 /* UIKit.framework */; };
		6DBFFB35185929FE006A3468 /* InfoPlist.strings in Resources */ = {isa = PBXBuildFile; fileRef = 6DBFFB33185929FE006A3468 /* InfoPlist.strings */; };
		6DBFFB37185929FE006A3468 /* main.m in Sources */ = {isa = PBXBuildFile; fileRef = 6DBFFB36185929FE006A3468 /* main.m */; };
		6DBFFB3B185929FE006A3468 /* AppDelegate.m in Sources */ = {isa = PBXBuildFile; fileRef = 6DBFFB3A185929FE006A3468 /* AppDelegate.m */; };
		6DBFFB3E185929FE006A3468 /* Main.storyboard in Resources */ = {isa = PBXBuildFile; fileRef = 6DBFFB3C185929FE006A3468 /* Main.storyboard */; };
		6DBFFB41185929FE006A3468 /* ViewController.m in Sources */ = {isa = PBXBuildFile; fileRef = 6DBFFB40185929FE006A3468 /* ViewController.m */; };
		6DBFFB43185929FE006A3468 /* Images.xcassets in Resources */ = {isa = PBXBuildFile; fileRef = 6DBFFB42185929FE006A3468 /* Images.xcassets */; };
		6DBFFB4A185929FE006A3468 /* XCTest.framework in Frameworks */ = {isa = PBXBuildFile; fileRef = 6DBFFB49185929FE006A3468 /* XCTest.framework */; };
		6DBFFB4B185929FE006A3468 /* Foundation.framework in Frameworks */ = {isa = PBXBuildFile; fileRef = 6DBFFB2A185929FE006A3468 /* Foundation.framework */; };
		6DBFFB4C185929FE006A3468 /* UIKit.framework in Frameworks */ = {isa = PBXBuildFile; fileRef = 6DBFFB2E185929FE006A3468 /* UIKit.framework */; };
		6DBFFB54185929FE006A3468 /* InfoPlist.strings in Resources */ = {isa = PBXBuildFile; fileRef = 6DBFFB52185929FE006A3468 /* InfoPlist.strings */; };
		6DBFFB56185929FE006A3468 /* takeTests.m in Sources */ = {isa = PBXBuildFile; fileRef = 6DBFFB55185929FE006A3468 /* takeTests.m */; };
		6DBFFB6518592BCC006A3468 /* slider1.png in Resources */ = {isa = PBXBuildFile; fileRef = 6DBFFB6418592BCC006A3468 /* slider1.png */; };
		6DD7CF921860E72400AC1157 /* bat.png in Resources */ = {isa = PBXBuildFile; fileRef = 6DD7CF911860E72400AC1157 /* bat.png */; };
		6DD7CF961861033A00AC1157 /* bola.png in Resources */ = {isa = PBXBuildFile; fileRef = 6DD7CF951861033A00AC1157 /* bola.png */; };
/* End PBXBuildFile section */

/* Begin PBXContainerItemProxy section */
		6DBFFB4D185929FE006A3468 /* PBXContainerItemProxy */ = {
			isa = PBXContainerItemProxy;
			containerPortal = 6DBFFB1F185929FE006A3468 /* Project object */;
			proxyType = 1;
			remoteGlobalIDString = 6DBFFB26185929FE006A3468;
			remoteInfo = take;
		};
/* End PBXContainerItemProxy section */

/* Begin PBXFileReference section */
		6DBFFB27185929FE006A3468 /* simple wheel control.app */ = {isa = PBXFileReference; explicitFileType = wrapper.application; includeInIndex = 0; path = "simple wheel control.app"; sourceTree = BUILT_PRODUCTS_DIR; };
		6DBFFB2A185929FE006A3468 /* Foundation.framework */ = {isa = PBXFileReference; lastKnownFileType = wrapper.framework; name = Foundation.framework; path = System/Library/Frameworks/Foundation.framework; sourceTree = SDKROOT; };
		6DBFFB2C185929FE006A3468 /* CoreGraphics.framework */ = {isa = PBXFileReference; lastKnownFileType = wrapper.framework; name = CoreGraphics.framework; path = System/Library/Frameworks/CoreGraphics.framework; sourceTree = SDKROOT; };
		6DBFFB2E185929FE006A3468 /* UIKit.framework */ = {isa = PBXFileReference; lastKnownFileType = wrapper.framework; name = UIKit.framework; path = System/Library/Frameworks/UIKit.framework; sourceTree = SDKROOT; };
		6DBFFB32185929FE006A3468 /* simple wheel control-Info.plist */ = {isa = PBXFileReference; lastKnownFileType = text.plist.xml; path = "simple wheel control-Info.plist"; sourceTree = "<group>"; };
		6DBFFB34185929FE006A3468 /* en */ = {isa = PBXFileReference; lastKnownFileType = text.plist.strings; name = en; path = en.lproj/InfoPlist.strings; sourceTree = "<group>"; };
		6DBFFB36185929FE006A3468 /* main.m */ = {isa = PBXFileReference; lastKnownFileType = sourcecode.c.objc; path = main.m; sourceTree = "<group>"; };
		6DBFFB38185929FE006A3468 /* simple wheel control-Prefix.pch */ = {isa = PBXFileReference; lastKnownFileType = sourcecode.c.h; path = "simple wheel control-Prefix.pch"; sourceTree = "<group>"; };
		6DBFFB39185929FE006A3468 /* AppDelegate.h */ = {isa = PBXFileReference; lastKnownFileType = sourcecode.c.h; path = AppDelegate.h; sourceTree = "<group>"; };
		6DBFFB3A185929FE006A3468 /* AppDelegate.m */ = {isa = PBXFileReference; lastKnownFileType = sourcecode.c.objc; path = AppDelegate.m; sourceTree = "<group>"; };
		6DBFFB3D185929FE006A3468 /* Base */ = {isa = PBXFileReference; lastKnownFileType = file.storyboard; name = Base; path = Base.lproj/Main.storyboard; sourceTree = "<group>"; };
		6DBFFB3F185929FE006A3468 /* ViewController.h */ = {isa = PBXFileReference; lastKnownFileType = sourcecode.c.h; path = ViewController.h; sourceTree = "<group>"; };
		6DBFFB40185929FE006A3468 /* ViewController.m */ = {isa = PBXFileReference; lastKnownFileType = sourcecode.c.objc; path = ViewController.m; sourceTree = "<group>"; };
		6DBFFB42185929FE006A3468 /* Images.xcassets */ = {isa = PBXFileReference; lastKnownFileType = folder.assetcatalog; path = Images.xcassets; sourceTree = "<group>"; };
		6DBFFB48185929FE006A3468 /* simple wheel controlTests.xctest */ = {isa = PBXFileReference; explicitFileType = wrapper.cfbundle; includeInIndex = 0; path = "simple wheel controlTests.xctest"; sourceTree = BUILT_PRODUCTS_DIR; };
		6DBFFB49185929FE006A3468 /* XCTest.framework */ = {isa = PBXFileReference; lastKnownFileType = wrapper.framework; name = XCTest.framework; path = Library/Frameworks/XCTest.framework; sourceTree = DEVELOPER_DIR; };
		6DBFFB51185929FE006A3468 /* simple wheel controlTests-Info.plist */ = {isa = PBXFileReference; lastKnownFileType = text.plist.xml; path = "simple wheel controlTests-Info.plist"; sourceTree = "<group>"; };
		6DBFFB53185929FE006A3468 /* en */ = {isa = PBXFileReference; lastKnownFileType = text.plist.strings; name = en; path = en.lproj/InfoPlist.strings; sourceTree = "<group>"; };
		6DBFFB55185929FE006A3468 /* takeTests.m */ = {isa = PBXFileReference; lastKnownFileType = sourcecode.c.objc; path = takeTests.m; sourceTree = "<group>"; };
		6DBFFB6418592BCC006A3468 /* slider1.png */ = {isa = PBXFileReference; lastKnownFileType = image.png; path = slider1.png; sourceTree = "<group>"; };
		6DD7CF911860E72400AC1157 /* bat.png */ = {isa = PBXFileReference; lastKnownFileType = image.png; path = bat.png; sourceTree = "<group>"; };
		6DD7CF951861033A00AC1157 /* bola.png */ = {isa = PBXFileReference; lastKnownFileType = image.png; path = bola.png; sourceTree = "<group>"; };
/* End PBXFileReference section */

/* Begin PBXFrameworksBuildPhase section */
		6DBFFB24185929FE006A3468 /* Frameworks */ = {
			isa = PBXFrameworksBuildPhase;
			buildActionMask = 2147483647;
			files = (
				6DBFFB2D185929FE006A3468 /* CoreGraphics.framework in Frameworks */,
				6DBFFB2F185929FE006A3468 /* UIKit.framework in Frameworks */,
				6DBFFB2B185929FE006A3468 /* Foundation.framework in Frameworks */,
			);
			runOnlyForDeploymentPostprocessing = 0;
		};
		6DBFFB45185929FE006A3468 /* Frameworks */ = {
			isa = PBXFrameworksBuildPhase;
			buildActionMask = 2147483647;
			files = (
				6DBFFB4A185929FE006A3468 /* XCTest.framework in Frameworks */,
				6DBFFB4C185929FE006A3468 /* UIKit.framework in Frameworks */,
				6DBFFB4B185929FE006A3468 /* Foundation.framework in Frameworks */,
			);
			runOnlyForDeploymentPostprocessing = 0;
		};
/* End PBXFrameworksBuildPhase section */

/* Begin PBXGroup section */
		6DBFFB1E185929FE006A3468 = {
			isa = PBXGroup;
			children = (
				6DBFFB30185929FE006A3468 /* take */,
				6DBFFB4F185929FE006A3468 /* takeTests */,
				6DBFFB29185929FE006A3468 /* Frameworks */,
				6DBFFB28185929FE006A3468 /* Products */,
			);
			sourceTree = "<group>";
		};
		6DBFFB28185929FE006A3468 /* Products */ = {
			isa = PBXGroup;
			children = (
				6DBFFB27185929FE006A3468 /* simple wheel control.app */,
				6DBFFB48185929FE006A3468 /* simple wheel controlTests.xctest */,
			);
			name = Products;
			sourceTree = "<group>";
		};
		6DBFFB29185929FE006A3468 /* Frameworks */ = {
			isa = PBXGroup;
			children = (
				6DBFFB2A185929FE006A3468 /* Foundation.framework */,
				6DBFFB2C185929FE006A3468 /* CoreGraphics.framework */,
				6DBFFB2E185929FE006A3468 /* UIKit.framework */,
				6DBFFB49185929FE006A3468 /* XCTest.framework */,
			);
			name = Frameworks;
			sourceTree = "<group>";
		};
		6DBFFB30185929FE006A3468 /* take */ = {
			isa = PBXGroup;
			children = (
				6DBFFB6418592BCC006A3468 /* slider1.png */,
				6DD7CF951861033A00AC1157 /* bola.png */,
				6DD7CF911860E72400AC1157 /* bat.png */,
				6DBFFB39185929FE006A3468 /* AppDelegate.h */,
				6DBFFB3A185929FE006A3468 /* AppDelegate.m */,
				6DBFFB3C185929FE006A3468 /* Main.storyboard */,
				6DBFFB3F185929FE006A3468 /* ViewController.h */,
				6DBFFB40185929FE006A3468 /* ViewController.m */,
				6DBFFB42185929FE006A3468 /* Images.xcassets */,
				6DBFFB31185929FE006A3468 /* Supporting Files */,
			);
			path = take;
			sourceTree = "<group>";
		};
		6DBFFB31185929FE006A3468 /* Supporting Files */ = {
			isa = PBXGroup;
			children = (
				6DBFFB32185929FE006A3468 /* simple wheel control-Info.plist */,
				6DBFFB33185929FE006A3468 /* InfoPlist.strings */,
				6DBFFB36185929FE006A3468 /* main.m */,
				6DBFFB38185929FE006A3468 /* simple wheel control-Prefix.pch */,
			);
			name = "Supporting Files";
			sourceTree = "<group>";
		};
		6DBFFB4F185929FE006A3468 /* takeTests */ = {
			isa = PBXGroup;
			children = (
				6DBFFB55185929FE006A3468 /* takeTests.m */,
				6DBFFB50185929FE006A3468 /* Supporting Files */,
			);
			path = takeTests;
			sourceTree = "<group>";
		};
		6DBFFB50185929FE006A3468 /* Supporting Files */ = {
			isa = PBXGroup;
			children = (
				6DBFFB51185929FE006A3468 /* simple wheel controlTests-Info.plist */,
				6DBFFB52185929FE006A3468 /* InfoPlist.strings */,
			);
			name = "Supporting Files";
			sourceTree = "<group>";
		};
/* End PBXGroup section */

/* Begin PBXNativeTarget section */
		6DBFFB26185929FE006A3468 /* simple wheel control */ = {
			isa = PBXNativeTarget;
			buildConfigurationList = 6DBFFB59185929FE006A3468 /* Build configuration list for PBXNativeTarget "simple wheel control" */;
			buildPhases = (
				6DBFFB23185929FE006A3468 /* Sources */,
				6DBFFB24185929FE006A3468 /* Frameworks */,
				6DBFFB25185929FE006A3468 /* Resources */,
			);
			buildRules = (
			);
			dependencies = (
			);
			name = "simple wheel control";
			productName = take;
			productReference = 6DBFFB27185929FE006A3468 /* simple wheel control.app */;
			productType = "com.apple.product-type.application";
		};
		6DBFFB47185929FE006A3468 /* simple wheel controlTests */ = {
			isa = PBXNativeTarget;
			buildConfigurationList = 6DBFFB5C185929FE006A3468 /* Build configuration list for PBXNativeTarget "simple wheel controlTests" */;
			buildPhases = (
				6DBFFB44185929FE006A3468 /* Sources */,
				6DBFFB45185929FE006A3468 /* Frameworks */,
				6DBFFB46185929FE006A3468 /* Resources */,
			);
			buildRules = (
			);
			dependencies = (
				6DBFFB4E185929FE006A3468 /* PBXTargetDependency */,
			);
			name = "simple wheel controlTests";
			productName = takeTests;
			productReference = 6DBFFB48185929FE006A3468 /* simple wheel controlTests.xctest */;
			productType = "com.apple.product-type.bundle.unit-test";
		};
/* End PBXNativeTarget section */

/* Begin PBXProject section */
		6DBFFB1F185929FE006A3468 /* Project object */ = {
			isa = PBXProject;
			attributes = {
				LastUpgradeCheck = 0500;
				ORGANIZATIONNAME = mx.blend;
				TargetAttributes = {
					6DBFFB47185929FE006A3468 = {
						TestTargetID = 6DBFFB26185929FE006A3468;
					};
				};
			};
			buildConfigurationList = 6DBFFB22185929FE006A3468 /* Build configuration list for PBXProject "simple wheel control" */;
			compatibilityVersion = "Xcode 3.2";
			developmentRegion = English;
			hasScannedForEncodings = 0;
			knownRegions = (
				en,
				Base,
			);
			mainGroup = 6DBFFB1E185929FE006A3468;
			productRefGroup = 6DBFFB28185929FE006A3468 /* Products */;
			projectDirPath = "";
			projectRoot = "";
			targets = (
				6DBFFB26185929FE006A3468 /* simple wheel control */,
				6DBFFB47185929FE006A3468 /* simple wheel controlTests */,
			);
		};
/* End PBXProject section */

/* Begin PBXResourcesBuildPhase section */
		6DBFFB25185929FE006A3468 /* Resources */ = {
			isa = PBXResourcesBuildPhase;
			buildActionMask = 2147483647;
			files = (
				6DBFFB43185929FE006A3468 /* Images.xcassets in Resources */,
				6DBFFB6518592BCC006A3468 /* slider1.png in Resources */,
				6DD7CF921860E72400AC1157 /* bat.png in Resources */,
				6DD7CF961861033A00AC1157 /* bola.png in Resources */,
				6DBFFB35185929FE006A3468 /* InfoPlist.strings in Resources */,
				6DBFFB3E185929FE006A3468 /* Main.storyboard in Resources */,
			);
			runOnlyForDeploymentPostprocessing = 0;
		};
		6DBFFB46185929FE006A3468 /* Resources */ = {
			isa = PBXResourcesBuildPhase;
			buildActionMask = 2147483647;
			files = (
				6DBFFB54185929FE006A3468 /* InfoPlist.strings in Resources */,
			);
			runOnlyForDeploymentPostprocessing = 0;
		};
/* End PBXResourcesBuildPhase section */

/* Begin PBXSourcesBuildPhase section */
		6DBFFB23185929FE006A3468 /* Sources */ = {
			isa = PBXSourcesBuildPhase;
			buildActionMask = 2147483647;
			files = (
				6DBFFB41185929FE006A3468 /* ViewController.m in Sources */,
				6DBFFB3B185929FE006A3468 /* AppDelegate.m in Sources */,
				6DBFFB37185929FE006A3468 /* main.m in Sources */,
			);
			runOnlyForDeploymentPostprocessing = 0;
		};
		6DBFFB44185929FE006A3468 /* Sources */ = {
			isa = PBXSourcesBuildPhase;
			buildActionMask = 2147483647;
			files = (
				6DBFFB56185929FE006A3468 /* takeTests.m in Sources */,
			);
			runOnlyForDeploymentPostprocessing = 0;
		};
/* End PBXSourcesBuildPhase section */

/* Begin PBXTargetDependency section */
		6DBFFB4E185929FE006A3468 /* PBXTargetDependency */ = {
			isa = PBXTargetDependency;
			target = 6DBFFB26185929FE006A3468 /* simple wheel control */;
			targetProxy = 6DBFFB4D185929FE006A3468 /* PBXContainerItemProxy */;
		};
/* End PBXTargetDependency section */

/* Begin PBXVariantGroup section */
		6DBFFB33185929FE006A3468 /* InfoPlist.strings */ = {
			isa = PBXVariantGroup;
			children = (
				6DBFFB34185929FE006A3468 /* en */,
			);
			name = InfoPlist.strings;
			sourceTree = "<group>";
		};
		6DBFFB3C185929FE006A3468 /* Main.storyboard */ = {
			isa = PBXVariantGroup;
			children = (
				6DBFFB3D185929FE006A3468 /* Base */,
			);
			name = Main.storyboard;
			sourceTree = "<group>";
		};
		6DBFFB52185929FE006A3468 /* InfoPlist.strings */ = {
			isa = PBXVariantGroup;
			children = (
				6DBFFB53185929FE006A3468 /* en */,
			);
			name = InfoPlist.strings;
			sourceTree = "<group>";
		};
/* End PBXVariantGroup section */

/* Begin XCBuildConfiguration section */
		6DBFFB57185929FE006A3468 /* Debug */ = {
			isa = XCBuildConfiguration;
			buildSettings = {
				ALWAYS_SEARCH_USER_PATHS = NO;
				ARCHS = "$(ARCHS_STANDARD_INCLUDING_64_BIT)";
				CLANG_CXX_LANGUAGE_STANDARD = "gnu++0x";
				CLANG_CXX_LIBRARY = "libc++";
				CLANG_ENABLE_MODULES = YES;
				CLANG_ENABLE_OBJC_ARC = YES;
				CLANG_WARN_BOOL_CONVERSION = YES;
				CLANG_WARN_CONSTANT_CONVERSION = YES;
				CLANG_WARN_DIRECT_OBJC_ISA_USAGE = YES_ERROR;
				CLANG_WARN_EMPTY_BODY = YES;
				CLANG_WARN_ENUM_CONVERSION = YES;
				CLANG_WARN_INT_CONVERSION = YES;
				CLANG_WARN_OBJC_ROOT_CLASS = YES_ERROR;
				CLANG_WARN__DUPLICATE_METHOD_MATCH = YES;
				"CODE_SIGN_IDENTITY[sdk=iphoneos*]" = "iPhone Developer";
				COPY_PHASE_STRIP = NO;
				GCC_C_LANGUAGE_STANDARD = gnu99;
				GCC_DYNAMIC_NO_PIC = NO;
				GCC_OPTIMIZATION_LEVEL = 0;
				GCC_PREPROCESSOR_DEFINITIONS = (
					"DEBUG=1",
					"$(inherited)",
				);
				GCC_SYMBOLS_PRIVATE_EXTERN = NO;
				GCC_WARN_64_TO_32_BIT_CONVERSION = YES;
				GCC_WARN_ABOUT_RETURN_TYPE = YES_ERROR;
				GCC_WARN_UNDECLARED_SELECTOR = YES;
				GCC_WARN_UNINITIALIZED_AUTOS = YES;
				GCC_WARN_UNUSED_FUNCTION = YES;
				GCC_WARN_UNUSED_VARIABLE = YES;
				IPHONEOS_DEPLOYMENT_TARGET = 7.0;
				ONLY_ACTIVE_ARCH = YES;
				SDKROOT = iphoneos;
				TARGETED_DEVICE_FAMILY = 2;
			};
			name = Debug;
		};
		6DBFFB58185929FE006A3468 /* Release */ = {
			isa = XCBuildConfiguration;
			buildSettings = {
				ALWAYS_SEARCH_USER_PATHS = NO;
				ARCHS = "$(ARCHS_STANDARD_INCLUDING_64_BIT)";
				CLANG_CXX_LANGUAGE_STANDARD = "gnu++0x";
				CLANG_CXX_LIBRARY = "libc++";
				CLANG_ENABLE_MODULES = YES;
				CLANG_ENABLE_OBJC_ARC = YES;
				CLANG_WARN_BOOL_CONVERSION = YES;
				CLANG_WARN_CONSTANT_CONVERSION = YES;
				CLANG_WARN_DIRECT_OBJC_ISA_USAGE = YES_ERROR;
				CLANG_WARN_EMPTY_BODY = YES;
				CLANG_WARN_ENUM_CONVERSION = YES;
				CLANG_WARN_INT_CONVERSION = YES;
				CLANG_WARN_OBJC_ROOT_CLASS = YES_ERROR;
				CLANG_WARN__DUPLICATE_METHOD_MATCH = YES;
				"CODE_SIGN_IDENTITY[sdk=iphoneos*]" = "iPhone Developer";
				COPY_PHASE_STRIP = YES;
				ENABLE_NS_ASSERTIONS = NO;
				GCC_C_LANGUAGE_STANDARD = gnu99;
				GCC_WARN_64_TO_32_BIT_CONVERSION = YES;
				GCC_WARN_ABOUT_RETURN_TYPE = YES_ERROR;
				GCC_WARN_UNDECLARED_SELECTOR = YES;
				GCC_WARN_UNINITIALIZED_AUTOS = YES;
				GCC_WARN_UNUSED_FUNCTION = YES;
				GCC_WARN_UNUSED_VARIABLE = YES;
				IPHONEOS_DEPLOYMENT_TARGET = 7.0;
				SDKROOT = iphoneos;
				TARGETED_DEVICE_FAMILY = 2;
				VALIDATE_PRODUCT = YES;
			};
			name = Release;
		};
		6DBFFB5A185929FE006A3468 /* Debug */ = {
			isa = XCBuildConfiguration;
			buildSettings = {
				ASSETCATALOG_COMPILER_APPICON_NAME = AppIcon;
				ASSETCATALOG_COMPILER_LAUNCHIMAGE_NAME = LaunchImage;
				GCC_PRECOMPILE_PREFIX_HEADER = YES;
				GCC_PREFIX_HEADER = "take/simple wheel control-Prefix.pch";
				INFOPLIST_FILE = "take/simple wheel control-Info.plist";
				PRODUCT_NAME = "simple wheel control";
				WRAPPER_EXTENSION = app;
			};
			name = Debug;
		};
		6DBFFB5B185929FE006A3468 /* Release */ = {
			isa = XCBuildConfiguration;
			buildSettings = {
				ASSETCATALOG_COMPILER_APPICON_NAME = AppIcon;
				ASSETCATALOG_COMPILER_LAUNCHIMAGE_NAME = LaunchImage;
				GCC_PRECOMPILE_PREFIX_HEADER = YES;
				GCC_PREFIX_HEADER = "take/simple wheel control-Prefix.pch";
				INFOPLIST_FILE = "take/simple wheel control-Info.plist";
				PRODUCT_NAME = "simple wheel control";
				WRAPPER_EXTENSION = app;
			};
			name = Release;
		};
		6DBFFB5D185929FE006A3468 /* Debug */ = {
			isa = XCBuildConfiguration;
			buildSettings = {
				ARCHS = "$(ARCHS_STANDARD_INCLUDING_64_BIT)";
				BUNDLE_LOADER = "$(BUILT_PRODUCTS_DIR)/take.app/take";
				FRAMEWORK_SEARCH_PATHS = (
					"$(SDKROOT)/Developer/Library/Frameworks",
					"$(inherited)",
					"$(DEVELOPER_FRAMEWORKS_DIR)",
				);
				GCC_PRECOMPILE_PREFIX_HEADER = YES;
				GCC_PREFIX_HEADER = "take/take-Prefix.pch";
				GCC_PREPROCESSOR_DEFINITIONS = (
					"DEBUG=1",
					"$(inherited)",
				);
				INFOPLIST_FILE = "takeTests/simple wheel controlTests-Info.plist";
				PRODUCT_NAME = "simple wheel controlTests";
				TEST_HOST = "$(BUNDLE_LOADER)";
				WRAPPER_EXTENSION = xctest;
			};
			name = Debug;
		};
		6DBFFB5E185929FE006A3468 /* Release */ = {
			isa = XCBuildConfiguration;
			buildSettings = {
				ARCHS = "$(ARCHS_STANDARD_INCLUDING_64_BIT)";
				BUNDLE_LOADER = "$(BUILT_PRODUCTS_DIR)/take.app/take";
				FRAMEWORK_SEARCH_PATHS = (
					"$(SDKROOT)/Developer/Library/Frameworks",
					"$(inherited)",
					"$(DEVELOPER_FRAMEWORKS_DIR)",
				);
				GCC_PRECOMPILE_PREFIX_HEADER = YES;
				GCC_PREFIX_HEADER = "take/take-Prefix.pch";
				INFOPLIST_FILE = "takeTests/simple wheel controlTests-Info.plist";
				PRODUCT_NAME = "simple wheel controlTests";
				TEST_HOST = "$(BUNDLE_LOADER)";
				WRAPPER_EXTENSION = xctest;
			};
			name = Release;
		};
/* End XCBuildConfiguration section */

/* Begin XCConfigurationList section */
		6DBFFB22185929FE006A3468 /* Build configuration list for PBXProject "simple wheel control" */ = {
			isa = XCConfigurationList;
			buildConfigurations = (
				6DBFFB57185929FE006A3468 /* Debug */,
				6DBFFB58185929FE006A3468 /* Release */,
			);
			defaultConfigurationIsVisible = 0;
			defaultConfigurationName = Release;
		};
		6DBFFB59185929FE006A3468 /* Build configuration list for PBXNativeTarget "simple wheel control" */ = {
			isa = XCConfigurationList;
			buildConfigurations = (
				6DBFFB5A185929FE006A3468 /* Debug */,
				6DBFFB5B185929FE006A3468 /* Release */,
			);
			defaultConfigurationIsVisible = 0;
			defaultConfigurationName = Release;
		};
		6DBFFB5C185929FE006A3468 /* Build configuration list for PBXNativeTarget "simple wheel controlTests" */ = {
			isa = XCConfigurationList;
			buildConfigurations = (
				6DBFFB5D185929FE006A3468 /* Debug */,
				6DBFFB5E185929FE006A3468 /* Release */,
			);
			defaultConfigurationIsVisible = 0;
			defaultConfigurationName = Release;
		};
/* End XCConfigurationList section */
	};
	rootObject = 6DBFFB1F185929FE006A3468 /* Project object */;
}
